
Microsoft Visual Studio Solution File, Format Version 12.00
# Visual Studio Version 16
VisualStudioVersion = 16.0.30717.126
MinimumVisualStudioVersion = 10.0.40219.1
Project("{FAE04EC0-301F-11D3-BF4B-00C04F79EFBC}") = "Backup.APP", "Backup.APP\Backup.APP.csproj", "{C8C1B389-82F3-42FE-A4FA-4AA2BD5A3D38}"
EndProject
Global
	GlobalSection(SolutionConfigurationPlatforms) = preSolution
		Debug|Any CPU = Debug|Any CPU
		Release|Any CPU = Release|Any CPU
	EndGlobalSection
	GlobalSection(ProjectConfigurationPlatforms) = postSolution
		{C8C1B389-82F3-42FE-A4FA-4AA2BD5A3D38}.Debug|Any CPU.ActiveCfg = Debug|Any CPU
		{C8C1B389-82F3-42FE-A4FA-4AA2BD5A3D38}.Debug|Any CPU.Build.0 = Debug|Any CPU
		{C8C1B389-82F3-42FE-A4FA-4AA2BD5A3D38}.Release|Any CPU.ActiveCfg = Release|Any CPU
		{C8C1B389-82F3-42FE-A4FA-4AA2BD5A3D38}.Release|Any CPU.Build.0 = Release|Any CPU
	EndGlobalSection
	GlobalSection(SolutionProperties) = preSolution
		HideSolutionNode = FALSE
	EndGlobalSection
	GlobalSection(ExtensibilityGlobals) = postSolution
		SolutionGuid = {985F5AE7-F194-4BB4-821D-5988438B6098}
	EndGlobalSection
EndGlobal
